# THIS IS AN AUTOGENERATED FILE. DO NOT EDIT THIS FILE DIRECTLY.
# yarn lockfile v1


"@types/concat-stream@^1.6.0":
  version "1.6.0"
  resolved "http://registry.npm.taobao.org/@types/concat-stream/download/@types/concat-stream-1.6.0.tgz#394dbe0bb5fee46b38d896735e8b68ef2390d00d"
  dependencies:
    "@types/node" "*"

"@types/form-data@0.0.33":
  version "0.0.33"
  resolved "http://registry.npm.taobao.org/@types/form-data/download/@types/form-data-0.0.33.tgz#c9ac85b2a5fd18435b8c85d9ecb50e6d6c893ff8"
  dependencies:
    "@types/node" "*"

"@types/node@*":
  version "10.9.4"
  resolved "http://registry.npm.taobao.org/@types/node/download/@types/node-10.9.4.tgz#0f4cb2dc7c1de6096055357f70179043c33e9897"

"@types/node@^8.0.0":
  version "8.10.29"
  resolved "http://registry.npm.taobao.org/@types/node/download/@types/node-8.10.29.tgz#b3a13b58dd7b0682bf1b42022bef4a5a9718f687"

"@types/node@^9.3.0", "@types/node@^9.4.1":
  version "9.6.31"
  resolved "http://registry.npm.taobao.org/@types/node/download/@types/node-9.6.31.tgz#4d1722987f8d808b4c194dceb8c213bd92f028e5"

"@types/qs@^6.2.31":
  version "6.5.1"
  resolved "http://registry.npm.taobao.org/@types/qs/download/@types/qs-6.5.1.tgz#a38f69c62528d56ba7bd1f91335a8004988d72f7"

asap@~2.0.3:
  version "2.0.6"
  resolved "http://registry.npm.taobao.org/asap/download/asap-2.0.6.tgz#e50347611d7e690943208bbdafebcbc2fb866d46"

asynckit@^0.4.0:
  version "0.4.0"
  resolved "http://registry.npm.taobao.org/asynckit/download/asynckit-0.4.0.tgz#c79ed97f7f34cb8f2ba1bc9790bcc366474b4b79"

babel-runtime@6.26.0:
  version "6.26.0"
  resolved "http://registry.npm.taobao.org/babel-runtime/download/babel-runtime-6.26.0.tgz#965c7058668e82b55d7bfe04ff2337bc8b5647fe"
  dependencies:
    core-js "^2.4.0"
    regenerator-runtime "^0.11.0"

base-x@^3.0.2:
  version "3.0.4"
  resolved "http://registry.npm.taobao.org/base-x/download/base-x-3.0.4.tgz#94c1788736da065edb1d68808869e357c977fa77"
  dependencies:
    safe-buffer "^5.0.1"

bigi@^1.1.0, bigi@^1.4.2:
  version "1.4.2"
  resolved "http://registry.npm.taobao.org/bigi/download/bigi-1.4.2.tgz#9c665a95f88b8b08fc05cfd731f561859d725825"

binaryen@^37.0.0:
  version "37.0.0"
  resolved "http://registry.npm.taobao.org/binaryen/download/binaryen-37.0.0.tgz#c392bc784b6d46da8fc918b1a4ed8257a0cd8b08"

bn.js@^4.11.8:
  version "4.11.8"
  resolved "http://registry.npm.taobao.org/bn.js/download/bn.js-4.11.8.tgz#2cde09eb5ee341f484746bb0309b3253b1b1442f"

browserify-aes@^1.0.6:
  version "1.2.0"
  resolved "http://registry.npm.taobao.org/browserify-aes/download/browserify-aes-1.2.0.tgz#326734642f403dabc3003209853bb70ad428ef48"
  dependencies:
    buffer-xor "^1.0.3"
    cipher-base "^1.0.0"
    create-hash "^1.1.0"
    evp_bytestokey "^1.0.3"
    inherits "^2.0.1"
    safe-buffer "^5.0.1"

bs58@^4.0.1:
  version "4.0.1"
  resolved "http://registry.npm.taobao.org/bs58/download/bs58-4.0.1.tgz#be161e76c354f6f788ae4071f63f34e8c4f0a42a"
  dependencies:
    base-x "^3.0.2"

buffer-from@^1.0.0:
  version "1.1.1"
  resolved "http://registry.npm.taobao.org/buffer-from/download/buffer-from-1.1.1.tgz#32713bc028f75c02fdb710d7c7bcec1f2c6070ef"

buffer-xor@^1.0.3:
  version "1.0.3"
  resolved "http://registry.npm.taobao.org/buffer-xor/download/buffer-xor-1.0.3.tgz#26e61ed1422fb70dd42e6e36729ed51d855fe8d9"

bytebuffer@^5.0.1:
  version "5.0.1"
  resolved "http://registry.npm.taobao.org/bytebuffer/download/bytebuffer-5.0.1.tgz#582eea4b1a873b6d020a48d58df85f0bba6cfddd"
  dependencies:
    long "~3"

camel-case@^3.0.0:
  version "3.0.0"
  resolved "http://registry.npm.taobao.org/camel-case/download/camel-case-3.0.0.tgz#ca3c3688a4e9cf3a4cda777dc4dcbc713249cf73"
  dependencies:
    no-case "^2.2.0"
    upper-case "^1.1.1"

caseless@~0.12.0:
  version "0.12.0"
  resolved "http://registry.npm.taobao.org/caseless/download/caseless-0.12.0.tgz#1b681c21ff84033c826543090689420d187151dc"

cipher-base@^1.0.0, cipher-base@^1.0.1, cipher-base@^1.0.3:
  version "1.0.4"
  resolved "http://registry.npm.taobao.org/cipher-base/download/cipher-base-1.0.4.tgz#8760e4ecc272f4c363532f926d874aae2c1397de"
  dependencies:
    inherits "^2.0.1"
    safe-buffer "^5.0.1"

combined-stream@1.0.6:
  version "1.0.6"
  resolved "http://registry.npm.taobao.org/combined-stream/download/combined-stream-1.0.6.tgz#723e7df6e801ac5613113a7e445a9b69cb632818"
  dependencies:
    delayed-stream "~1.0.0"

concat-stream@^1.4.6, concat-stream@^1.6.0:
  version "1.6.2"
  resolved "http://registry.npm.taobao.org/concat-stream/download/concat-stream-1.6.2.tgz#904bdf194cd3122fc675c77fc4ac3d4ff0fd1a34"
  dependencies:
    buffer-from "^1.0.0"
    inherits "^2.0.3"
    readable-stream "^2.2.2"
    typedarray "^0.0.6"

core-js@^2.4.0:
  version "2.5.7"
  resolved "http://registry.npm.taobao.org/core-js/download/core-js-2.5.7.tgz#f972608ff0cead68b841a16a932d0b183791814e"

core-util-is@~1.0.0:
  version "1.0.2"
  resolved "http://registry.npm.taobao.org/core-util-is/download/core-util-is-1.0.2.tgz#b5fd54220aa2bc5ab57aab7140c940754503c1a7"

create-hash@^1.1.0, create-hash@^1.1.3:
  version "1.2.0"
  resolved "http://registry.npm.taobao.org/create-hash/download/create-hash-1.2.0.tgz#889078af11a63756bcfb59bd221996be3a9ef196"
  dependencies:
    cipher-base "^1.0.1"
    inherits "^2.0.1"
    md5.js "^1.3.4"
    ripemd160 "^2.0.1"
    sha.js "^2.4.0"

create-hmac@^1.1.6:
  version "1.1.7"
  resolved "http://registry.npm.taobao.org/create-hmac/download/create-hmac-1.1.7.tgz#69170c78b3ab957147b2b8b04572e47ead2243ff"
  dependencies:
    cipher-base "^1.0.3"
    create-hash "^1.1.0"
    inherits "^2.0.1"
    ripemd160 "^2.0.0"
    safe-buffer "^5.0.1"
    sha.js "^2.4.8"

delayed-stream@~1.0.0:
  version "1.0.0"
  resolved "http://registry.npm.taobao.org/delayed-stream/download/delayed-stream-1.0.0.tgz#df3ae199acadfb7d440aaae0b29e2272b24ec619"

ecurve@^1.0.5:
  version "1.0.6"
  resolved "http://registry.npm.taobao.org/ecurve/download/ecurve-1.0.6.tgz#dfdabbb7149f8d8b78816be5a7d5b83fcf6de797"
  dependencies:
    bigi "^1.1.0"
    safe-buffer "^5.0.1"

encoding@^0.1.11:
  version "0.1.12"
  resolved "http://registry.npm.taobao.org/encoding/download/encoding-0.1.12.tgz#538b66f3ee62cd1ab51ec323829d1f9480c74beb"
  dependencies:
    iconv-lite "~0.4.13"

eosjs-api@7.0.3:
  version "7.0.3"
  resolved "http://registry.npm.taobao.org/eosjs-api/download/eosjs-api-7.0.3.tgz#c274604a126fb53d0ed7aca9443e3436836517ff"
  dependencies:
    camel-case "^3.0.0"
    isomorphic-fetch "^2.2.1"

eosjs-ecc@4.0.4:
  version "4.0.4"
  resolved "http://registry.npm.taobao.org/eosjs-ecc/download/eosjs-ecc-4.0.4.tgz#431450f30a6f73088ff5d7ba1ebdfe967a5ca4ab"
  dependencies:
    bigi "^1.4.2"
    browserify-aes "^1.0.6"
    bs58 "^4.0.1"
    bytebuffer "^5.0.1"
    create-hash "^1.1.3"
    create-hmac "^1.1.6"
    ecurve "^1.0.5"
    randombytes "^2.0.5"

eosjs@^16.0.6:
  version "16.0.6"
  resolved "http://registry.npm.taobao.org/eosjs/download/eosjs-16.0.6.tgz#4cd301e33b29bae35ac869375b5e50ff564f9f9e"
  dependencies:
    babel-runtime "6.26.0"
    binaryen "^37.0.0"
    create-hash "^1.1.3"
    eosjs-api "7.0.3"
    eosjs-ecc "4.0.4"
    fcbuffer "^2.2.1"

evp_bytestokey@^1.0.3:
  version "1.0.3"
  resolved "http://registry.npm.taobao.org/evp_bytestokey/download/evp_bytestokey-1.0.3.tgz#7fcbdb198dc71959432efe13842684e0525acb02"
  dependencies:
    md5.js "^1.3.4"
    safe-buffer "^5.1.1"

fcbuffer@^2.2.1:
  version "2.2.1"
  resolved "http://registry.npm.taobao.org/fcbuffer/download/fcbuffer-2.2.1.tgz#183efde2b2c8382e58ca34929d39bf147e9402e0"
  dependencies:
    bn.js "^4.11.8"
    bytebuffer "^5.0.1"
    ieee-float "^0.6.0"

form-data@^2.2.0:
  version "2.3.2"
  resolved "http://registry.npm.taobao.org/form-data/download/form-data-2.3.2.tgz#4970498be604c20c005d4f5c23aecd21d6b49099"
  dependencies:
    asynckit "^0.4.0"
    combined-stream "1.0.6"
    mime-types "^2.1.12"

get-port@^3.1.0:
  version "3.2.0"
  resolved "http://registry.npm.taobao.org/get-port/download/get-port-3.2.0.tgz#dd7ce7de187c06c8bf353796ac71e099f0980ebc"

hash-base@^3.0.0:
  version "3.0.4"
  resolved "http://registry.npm.taobao.org/hash-base/download/hash-base-3.0.4.tgz#5fc8686847ecd73499403319a6b0a3f3f6ae4918"
  dependencies:
    inherits "^2.0.1"
    safe-buffer "^5.0.1"

http-basic@^7.0.0:
  version "7.0.0"
  resolved "http://registry.npm.taobao.org/http-basic/download/http-basic-7.0.0.tgz#82f0a506be942732ec8deebee80e746ef5736dba"
  dependencies:
    "@types/concat-stream" "^1.6.0"
    "@types/node" "^9.4.1"
    caseless "~0.12.0"
    concat-stream "^1.4.6"
    http-response-object "^3.0.1"
    parse-cache-control "^1.0.1"

http-response-object@^3.0.1:
  version "3.0.1"
  resolved "http://registry.npm.taobao.org/http-response-object/download/http-response-object-3.0.1.tgz#90174d44c27b5e797cf6efe51a043bc889ae64bf"
  dependencies:
    "@types/node" "^9.3.0"

iconv-lite@~0.4.13:
  version "0.4.24"
  resolved "http://registry.npm.taobao.org/iconv-lite/download/iconv-lite-0.4.24.tgz#2022b4b25fbddc21d2f524974a474aafe733908b"
  dependencies:
    safer-buffer ">= 2.1.2 < 3"

ieee-float@^0.6.0:
  version "0.6.0"
  resolved "http://registry.npm.taobao.org/ieee-float/download/ieee-float-0.6.0.tgz#a68a856ba1ef511e7fa0e7e7e155c3a63642a55d"

inherits@^2.0.1, inherits@^2.0.3, inherits@~2.0.3:
  version "2.0.3"
  resolved "http://registry.npm.taobao.org/inherits/download/inherits-2.0.3.tgz#633c2c83e3da42a502f52466022480f4208261de"

is-stream@^1.0.1:
  version "1.1.0"
  resolved "http://registry.npm.taobao.org/is-stream/download/is-stream-1.1.0.tgz#12d4a3dd4e68e0b79ceb8dbc84173ae80d91ca44"

isarray@~1.0.0:
  version "1.0.0"
  resolved "http://registry.npm.taobao.org/isarray/download/isarray-1.0.0.tgz#bb935d48582cba168c06834957a54a3e07124f11"

isomorphic-fetch@^2.2.1:
  version "2.2.1"
  resolved "http://registry.npm.taobao.org/isomorphic-fetch/download/isomorphic-fetch-2.2.1.tgz#611ae1acf14f5e81f729507472819fe9733558a9"
  dependencies:
    node-fetch "^1.0.1"
    whatwg-fetch ">=0.10.0"

long@~3:
  version "3.2.0"
  resolved "http://registry.npm.taobao.org/long/download/long-3.2.0.tgz#d821b7138ca1cb581c172990ef14db200b5c474b"

lower-case@^1.1.1:
  version "1.1.4"
  resolved "http://registry.npm.taobao.org/lower-case/download/lower-case-1.1.4.tgz#9a2cabd1b9e8e0ae993a4bf7d5875c39c42e8eac"

md5.js@^1.3.4:
  version "1.3.4"
  resolved "http://registry.npm.taobao.org/md5.js/download/md5.js-1.3.4.tgz#e9bdbde94a20a5ac18b04340fc5764d5b09d901d"
  dependencies:
    hash-base "^3.0.0"
    inherits "^2.0.1"

mime-db@~1.36.0:
  version "1.36.0"
  resolved "http://registry.npm.taobao.org/mime-db/download/mime-db-1.36.0.tgz#5020478db3c7fe93aad7bbcc4dcf869c43363397"

mime-types@^2.1.12:
  version "2.1.20"
  resolved "http://registry.npm.taobao.org/mime-types/download/mime-types-2.1.20.tgz#930cb719d571e903738520f8470911548ca2cc19"
  dependencies:
    mime-db "~1.36.0"

no-case@^2.2.0:
  version "2.3.2"
  resolved "http://registry.npm.taobao.org/no-case/download/no-case-2.3.2.tgz#60b813396be39b3f1288a4c1ed5d1e7d28b464ac"
  dependencies:
    lower-case "^1.1.1"

node-fetch@^1.0.1:
  version "1.7.3"
  resolved "http://registry.npm.taobao.org/node-fetch/download/node-fetch-1.7.3.tgz#980f6f72d85211a5347c6b2bc18c5b84c3eb47ef"
  dependencies:
    encoding "^0.1.11"
    is-stream "^1.0.1"

parse-cache-control@^1.0.1:
  version "1.0.1"
  resolved "http://registry.npm.taobao.org/parse-cache-control/download/parse-cache-control-1.0.1.tgz#8eeab3e54fa56920fe16ba38f77fa21aacc2d74e"

process-nextick-args@~2.0.0:
  version "2.0.0"
  resolved "http://registry.npm.taobao.org/process-nextick-args/download/process-nextick-args-2.0.0.tgz#a37d732f4271b4ab1ad070d35508e8290788ffaa"

promise@^8.0.0:
  version "8.0.1"
  resolved "http://registry.npm.taobao.org/promise/download/promise-8.0.1.tgz#e45d68b00a17647b6da711bf85ed6ed47208f450"
  dependencies:
    asap "~2.0.3"

qs@^6.4.0:
  version "6.5.2"
  resolved "http://registry.npm.taobao.org/qs/download/qs-6.5.2.tgz#cb3ae806e8740444584ef154ce8ee98d403f3e36"

randombytes@^2.0.5:
  version "2.0.6"
  resolved "http://registry.npm.taobao.org/randombytes/download/randombytes-2.0.6.tgz#d302c522948588848a8d300c932b44c24231da80"
  dependencies:
    safe-buffer "^5.1.0"

readable-stream@^2.2.2:
  version "2.3.6"
  resolved "http://registry.npm.taobao.org/readable-stream/download/readable-stream-2.3.6.tgz#b11c27d88b8ff1fbe070643cf94b0c79ae1b0aaf"
  dependencies:
    core-util-is "~1.0.0"
    inherits "~2.0.3"
    isarray "~1.0.0"
    process-nextick-args "~2.0.0"
    safe-buffer "~5.1.1"
    string_decoder "~1.1.1"
    util-deprecate "~1.0.1"

regenerator-runtime@^0.11.0:
  version "0.11.1"
  resolved "http://registry.npm.taobao.org/regenerator-runtime/download/regenerator-runtime-0.11.1.tgz#be05ad7f9bf7d22e056f9726cee5017fbf19e2e9"

ripemd160@^2.0.0, ripemd160@^2.0.1:
  version "2.0.2"
  resolved "http://registry.npm.taobao.org/ripemd160/download/ripemd160-2.0.2.tgz#a1c1a6f624751577ba5d07914cbc92850585890c"
  dependencies:
    hash-base "^3.0.0"
    inherits "^2.0.1"

safe-buffer@^5.0.1, safe-buffer@^5.1.0, safe-buffer@^5.1.1, safe-buffer@~5.1.0, safe-buffer@~5.1.1:
  version "5.1.2"
  resolved "http://registry.npm.taobao.org/safe-buffer/download/safe-buffer-5.1.2.tgz#991ec69d296e0313747d59bdfd2b745c35f8828d"

"safer-buffer@>= 2.1.2 < 3":
  version "2.1.2"
  resolved "http://registry.npm.taobao.org/safer-buffer/download/safer-buffer-2.1.2.tgz#44fa161b0187b9549dd84bb91802f9bd8385cd6a"

sha.js@^2.4.0, sha.js@^2.4.8:
  version "2.4.11"
  resolved "http://registry.npm.taobao.org/sha.js/download/sha.js-2.4.11.tgz#37a5cf0b81ecbc6943de109ba2960d1b26584ae7"
  dependencies:
    inherits "^2.0.1"
    safe-buffer "^5.0.1"

string_decoder@~1.1.1:
  version "1.1.1"
  resolved "http://registry.npm.taobao.org/string_decoder/download/string_decoder-1.1.1.tgz#9cf1611ba62685d7030ae9e4ba34149c3af03fc8"
  dependencies:
    safe-buffer "~5.1.0"

sync-request@^6.0.0:
  version "6.0.0"
  resolved "http://registry.npm.taobao.org/sync-request/download/sync-request-6.0.0.tgz#db867eccc4ed31bbcb9fa3732393a3413da582ed"
  dependencies:
    http-response-object "^3.0.1"
    sync-rpc "^1.2.1"
    then-request "^6.0.0"

sync-rpc@^1.2.1:
  version "1.3.4"
  resolved "http://registry.npm.taobao.org/sync-rpc/download/sync-rpc-1.3.4.tgz#24bcbdb2ffcb98f23690c15b304660085cdd206c"
  dependencies:
    get-port "^3.1.0"

then-request@^6.0.0:
  version "6.0.0"
  resolved "http://registry.npm.taobao.org/then-request/download/then-request-6.0.0.tgz#2cab198e48f2d8e79c8c1ed260198368a4a0bcba"
  dependencies:
    "@types/concat-stream" "^1.6.0"
    "@types/form-data" "0.0.33"
    "@types/node" "^8.0.0"
    "@types/qs" "^6.2.31"
    caseless "~0.12.0"
    concat-stream "^1.6.0"
    form-data "^2.2.0"
    http-basic "^7.0.0"
    http-response-object "^3.0.1"
    promise "^8.0.0"
    qs "^6.4.0"

typedarray@^0.0.6:
  version "0.0.6"
  resolved "http://registry.npm.taobao.org/typedarray/download/typedarray-0.0.6.tgz#867ac74e3864187b1d3d47d996a78ec5c8830777"

upper-case@^1.1.1:
  version "1.1.3"
  resolved "http://registry.npm.taobao.org/upper-case/download/upper-case-1.1.3.tgz#f6b4501c2ec4cdd26ba78be7222961de77621598"

util-deprecate@~1.0.1:
  version "1.0.2"
  resolved "http://registry.npm.taobao.org/util-deprecate/download/util-deprecate-1.0.2.tgz#450d4dc9fa70de732762fbd2d4a28981419a0ccf"

whatwg-fetch@>=0.10.0:
  version "2.0.4"
  resolved "http://registry.npm.taobao.org/whatwg-fetch/download/whatwg-fetch-2.0.4.tgz#dde6a5df315f9d39991aa17621853d720b85566f"
